
Microsoft Visual Studio Solution File, Format Version 12.00
# Visual Studio Version 17
VisualStudioVersion = 17.11.35327.3
MinimumVisualStudioVersion = 10.0.40219.1
Project("{9A19103F-16F7-4668-BE54-9A1E7A4F7556}") = "bot1", "bot1\bot1.csproj", "{B5B01F2C-26CD-4B99-8174-4AFD2496A366}"
EndProject
Project("{9A19103F-16F7-4668-BE54-9A1E7A4F7556}") = "Microsoft.Bot.Builder.Integration.AspNet.Core", "..\..\botbuilder-dotnet\libraries\integration\Microsoft.Bot.Builder.Integration.AspNet.Core\Microsoft.Bot.Builder.Integration.AspNet.Core.csproj", "{E8DF6BF5-7375-4775-9A07-2216C800D0FD}"
EndProject
Project("{FAE04EC0-301F-11D3-BF4B-00C04F79EFBC}") = "Microsoft.Bot.Builder.Dialogs", "..\..\botbuilder-dotnet\libraries\Microsoft.Bot.Builder.Dialogs\Microsoft.Bot.Builder.Dialogs.csproj", "{5E6D0AB4-B85E-443F-A9CD-F6C5F7D8E997}"
EndProject
Global
	GlobalSection(SolutionConfigurationPlatforms) = preSolution
		Debug|Any CPU = Debug|Any CPU
		Release|Any CPU = Release|Any CPU
	EndGlobalSection
	GlobalSection(ProjectConfigurationPlatforms) = postSolution
		{B5B01F2C-26CD-4B99-8174-4AFD2496A366}.Debug|Any CPU.ActiveCfg = Debug|Any CPU
		{B5B01F2C-26CD-4B99-8174-4AFD2496A366}.Debug|Any CPU.Build.0 = Debug|Any CPU
		{B5B01F2C-26CD-4B99-8174-4AFD2496A366}.Release|Any CPU.ActiveCfg = Release|Any CPU
		{B5B01F2C-26CD-4B99-8174-4AFD2496A366}.Release|Any CPU.Build.0 = Release|Any CPU
		{E8DF6BF5-7375-4775-9A07-2216C800D0FD}.Debug|Any CPU.ActiveCfg = Debug|Any CPU
		{E8DF6BF5-7375-4775-9A07-2216C800D0FD}.Debug|Any CPU.Build.0 = Debug|Any CPU
		{E8DF6BF5-7375-4775-9A07-2216C800D0FD}.Release|Any CPU.ActiveCfg = Release|Any CPU
		{E8DF6BF5-7375-4775-9A07-2216C800D0FD}.Release|Any CPU.Build.0 = Release|Any CPU
		{5E6D0AB4-B85E-443F-A9CD-F6C5F7D8E997}.Debug|Any CPU.ActiveCfg = Debug|Any CPU
		{5E6D0AB4-B85E-443F-A9CD-F6C5F7D8E997}.Debug|Any CPU.Build.0 = Debug|Any CPU
		{5E6D0AB4-B85E-443F-A9CD-F6C5F7D8E997}.Release|Any CPU.ActiveCfg = Release|Any CPU
		{5E6D0AB4-B85E-443F-A9CD-F6C5F7D8E997}.Release|Any CPU.Build.0 = Release|Any CPU
	EndGlobalSection
	GlobalSection(SolutionProperties) = preSolution
		HideSolutionNode = FALSE
	EndGlobalSection
	GlobalSection(ExtensibilityGlobals) = postSolution
		SolutionGuid = {C483C9B3-2CD3-403C-B24B-BEDB26EBADC4}
	EndGlobalSection
EndGlobal
